
Microsoft Visual Studio Solution File, Format Version 12.00
# Visual Studio 15
VisualStudioVersion = 15.0.28307.168
MinimumVisualStudioVersion = 10.0.40219.1
Project("{9A19103F-16F7-4668-BE54-9A1E7A4F7556}") = "FolderView", "FolderView\FolderView.csproj", "{C134DEC4-F6FE-48FA-AEBB-632CF098B5F3}"
EndProject
Project("{FAE04EC0-301F-11D3-BF4B-00C04F79EFBC}") = "FolderView.Models", "FolderView.Models\FolderView.Models.csproj", "{BBC516AA-62F1-4AA7-9E43-6642B9ABFEE6}"
EndProject
Global
	GlobalSection(SolutionConfigurationPlatforms) = preSolution
		Debug|Any CPU = Debug|Any CPU
		Release|Any CPU = Release|Any CPU
	EndGlobalSection
	GlobalSection(ProjectConfigurationPlatforms) = postSolution
		{C134DEC4-F6FE-48FA-AEBB-632CF098B5F3}.Debug|Any CPU.ActiveCfg = Debug|Any CPU
		{C134DEC4-F6FE-48FA-AEBB-632CF098B5F3}.Debug|Any CPU.Build.0 = Debug|Any CPU
		{C134DEC4-F6FE-48FA-AEBB-632CF098B5F3}.Release|Any CPU.ActiveCfg = Release|Any CPU
		{C134DEC4-F6FE-48FA-AEBB-632CF098B5F3}.Release|Any CPU.Build.0 = Release|Any CPU
		{BBC516AA-62F1-4AA7-9E43-6642B9ABFEE6}.Debug|Any CPU.ActiveCfg = Debug|Any CPU
		{BBC516AA-62F1-4AA7-9E43-6642B9ABFEE6}.Debug|Any CPU.Build.0 = Debug|Any CPU
		{BBC516AA-62F1-4AA7-9E43-6642B9ABFEE6}.Release|Any CPU.ActiveCfg = Release|Any CPU
		{BBC516AA-62F1-4AA7-9E43-6642B9ABFEE6}.Release|Any CPU.Build.0 = Release|Any CPU
	EndGlobalSection
	GlobalSection(SolutionProperties) = preSolution
		HideSolutionNode = FALSE
	EndGlobalSection
	GlobalSection(ExtensibilityGlobals) = postSolution
		SolutionGuid = {2F8872E5-33E4-4ED6-A5CE-B0CE5E9F6033}
	EndGlobalSection
EndGlobal
